// !$*UTF8*$!
{
	archiveVersion = 1;
	classes = {
	};
	objectVersion = 55;
	objects = {

/* Begin PBXBuildFile section */
		62A2879527D80E1A00674EEF /* p06_runnyApp.swift in Sources */ = {isa = PBXBuildFile; fileRef = 62A2879427D80E1A00674EEF /* p06_runnyApp.swift */; };
		62A2879727D80E1A00674EEF /* ContentView.swift in Sources */ = {isa = PBXBuildFile; fileRef = 62A2879627D80E1A00674EEF /* ContentView.swift */; };
		62A2879927D80E1B00674EEF /* Assets.xcassets in Resources */ = {isa = PBXBuildFile; fileRef = 62A2879827D80E1B00674EEF /* Assets.xcassets */; };
		62A2879C27D80E1B00674EEF /* Preview Assets.xcassets in Resources */ = {isa = PBXBuildFile; fileRef = 62A2879B27D80E1B00674EEF /* Preview Assets.xcassets */; };
		62A287A327D80E6700674EEF /* MilesRanStore.swift in Sources */ = {isa = PBXBuildFile; fileRef = 62A287A227D80E6700674EEF /* MilesRanStore.swift */; };
		62A287A527D80E8800674EEF /* MilesRanViewModel.swift in Sources */ = {isa = PBXBuildFile; fileRef = 62A287A427D80E8800674EEF /* MilesRanViewModel.swift */; };
		62A287A727D80E9D00674EEF /* MilesRanView.swift in Sources */ = {isa = PBXBuildFile; fileRef = 62A287A627D80E9D00674EEF /* MilesRanView.swift */; };
		62FA209527E424F200ED2B27 /* WidgetKit.framework in Frameworks */ = {isa = PBXBuildFile; fileRef = 62FA209427E424F200ED2B27 /* WidgetKit.framework */; };
		62FA209727E424F200ED2B27 /* SwiftUI.framework in Frameworks */ = {isa = PBXBuildFile; fileRef = 62FA209627E424F200ED2B27 /* SwiftUI.framework */; };
		62FA209A27E424F200ED2B27 /* p06_runny_widget.swift in Sources */ = {isa = PBXBuildFile; fileRef = 62FA209927E424F200ED2B27 /* p06_runny_widget.swift */; };
		62FA209C27E424F300ED2B27 /* Assets.xcassets in Resources */ = {isa = PBXBuildFile; fileRef = 62FA209B27E424F300ED2B27 /* Assets.xcassets */; };
		62FA20A027E424F400ED2B27 /* p06-runny-widgetExtension.appex in Embed App Extensions */ = {isa = PBXBuildFile; fileRef = 62FA209227E424F200ED2B27 /* p06-runny-widgetExtension.appex */; settings = {ATTRIBUTES = (RemoveHeadersOnCopy, ); }; };
		62FA20A527E42CFD00ED2B27 /* MilesRanStore.swift in Sources */ = {isa = PBXBuildFile; fileRef = 62A287A227D80E6700674EEF /* MilesRanStore.swift */; };
/* End PBXBuildFile section */

/* Begin PBXContainerItemProxy section */
		62FA209E27E424F400ED2B27 /* PBXContainerItemProxy */ = {
			isa = PBXContainerItemProxy;
			containerPortal = 62A2878927D80E1A00674EEF /* Project object */;
			proxyType = 1;
			remoteGlobalIDString = 62FA209127E424F200ED2B27;
			remoteInfo = "p06-runny-widgetExtension";
		};
/* End PBXContainerItemProxy section */

/* Begin PBXCopyFilesBuildPhase section */
		62FA20A127E424F400ED2B27 /* Embed App Extensions */ = {
			isa = PBXCopyFilesBuildPhase;
			buildActionMask = 2147483647;
			dstPath = "";
			dstSubfolderSpec = 13;
			files = (
				62FA20A027E424F400ED2B27 /* p06-runny-widgetExtension.appex in Embed App Extensions */,
			);
			name = "Embed App Extensions";
			runOnlyForDeploymentPostprocessing = 0;
		};
/* End PBXCopyFilesBuildPhase section */

/* Begin PBXFileReference section */
		62A2879127D80E1A00674EEF /* p06-runny.app */ = {isa = PBXFileReference; explicitFileType = wrapper.application; includeInIndex = 0; path = "p06-runny.app"; sourceTree = BUILT_PRODUCTS_DIR; };
		62A2879427D80E1A00674EEF /* p06_runnyApp.swift */ = {isa = PBXFileReference; lastKnownFileType = sourcecode.swift; path = p06_runnyApp.swift; sourceTree = "<group>"; };
		62A2879627D80E1A00674EEF /* ContentView.swift */ = {isa = PBXFileReference; lastKnownFileType = sourcecode.swift; path = ContentView.swift; sourceTree = "<group>"; };
		62A2879827D80E1B00674EEF /* Assets.xcassets */ = {isa = PBXFileReference; lastKnownFileType = folder.assetcatalog; path = Assets.xcassets; sourceTree = "<group>"; };
		62A2879B27D80E1B00674EEF /* Preview Assets.xcassets */ = {isa = PBXFileReference; lastKnownFileType = folder.assetcatalog; path = "Preview Assets.xcassets"; sourceTree = "<group>"; };
		62A287A227D80E6700674EEF /* MilesRanStore.swift */ = {isa = PBXFileReference; lastKnownFileType = sourcecode.swift; path = MilesRanStore.swift; sourceTree = "<group>"; };
		62A287A427D80E8800674EEF /* MilesRanViewModel.swift */ = {isa = PBXFileReference; lastKnownFileType = sourcecode.swift; path = MilesRanViewModel.swift; sourceTree = "<group>"; };
		62A287A627D80E9D00674EEF /* MilesRanView.swift */ = {isa = PBXFileReference; lastKnownFileType = sourcecode.swift; path = MilesRanView.swift; sourceTree = "<group>"; };
		62FA209227E424F200ED2B27 /* p06-runny-widgetExtension.appex */ = {isa = PBXFileReference; explicitFileType = "wrapper.app-extension"; includeInIndex = 0; path = "p06-runny-widgetExtension.appex"; sourceTree = BUILT_PRODUCTS_DIR; };
		62FA209427E424F200ED2B27 /* WidgetKit.framework */ = {isa = PBXFileReference; lastKnownFileType = wrapper.framework; name = WidgetKit.framework; path = System/Library/Frameworks/WidgetKit.framework; sourceTree = SDKROOT; };
		62FA209627E424F200ED2B27 /* SwiftUI.framework */ = {isa = PBXFileReference; lastKnownFileType = wrapper.framework; name = SwiftUI.framework; path = System/Library/Frameworks/SwiftUI.framework; sourceTree = SDKROOT; };
		62FA209927E424F200ED2B27 /* p06_runny_widget.swift */ = {isa = PBXFileReference; lastKnownFileType = sourcecode.swift; path = p06_runny_widget.swift; sourceTree = "<group>"; };
		62FA209B27E424F300ED2B27 /* Assets.xcassets */ = {isa = PBXFileReference; lastKnownFileType = folder.assetcatalog; path = Assets.xcassets; sourceTree = "<group>"; };
		62FA209D27E424F400ED2B27 /* Info.plist */ = {isa = PBXFileReference; lastKnownFileType = text.plist.xml; path = Info.plist; sourceTree = "<group>"; };
		62FA20A627E42E7400ED2B27 /* p06-runny-widgetExtension.entitlements */ = {isa = PBXFileReference; lastKnownFileType = text.plist.entitlements; path = "p06-runny-widgetExtension.entitlements"; sourceTree = "<group>"; };
		62FA20A727E42F0F00ED2B27 /* p06-runny.entitlements */ = {isa = PBXFileReference; lastKnownFileType = text.plist.entitlements; path = "p06-runny.entitlements"; sourceTree = "<group>"; };
/* End PBXFileReference section */

/* Begin PBXFrameworksBuildPhase section */
		62A2878E27D80E1A00674EEF /* Frameworks */ = {
			isa = PBXFrameworksBuildPhase;
			buildActionMask = 2147483647;
			files = (
			);
			runOnlyForDeploymentPostprocessing = 0;
		};
		62FA208F27E424F200ED2B27 /* Frameworks */ = {
			isa = PBXFrameworksBuildPhase;
			buildActionMask = 2147483647;
			files = (
				62FA209727E424F200ED2B27 /* SwiftUI.framework in Frameworks */,
				62FA209527E424F200ED2B27 /* WidgetKit.framework in Frameworks */,
			);
			runOnlyForDeploymentPostprocessing = 0;
		};
/* End PBXFrameworksBuildPhase section */

/* Begin PBXGroup section */
		62A2878827D80E1A00674EEF = {
			isa = PBXGroup;
			children = (
				62FA20A627E42E7400ED2B27 /* p06-runny-widgetExtension.entitlements */,
				62A2879327D80E1A00674EEF /* p06-runny */,
				62FA209827E424F200ED2B27 /* p06-runny-widget */,
				62FA209327E424F200ED2B27 /* Frameworks */,
				62A2879227D80E1A00674EEF /* Products */,
			);
			sourceTree = "<group>";
		};
		62A2879227D80E1A00674EEF /* Products */ = {
			isa = PBXGroup;
			children = (
				62A2879127D80E1A00674EEF /* p06-runny.app */,
				62FA209227E424F200ED2B27 /* p06-runny-widgetExtension.appex */,
			);
			name = Products;
			sourceTree = "<group>";
		};
		62A2879327D80E1A00674EEF /* p06-runny */ = {
			isa = PBXGroup;
			children = (
				62FA20A727E42F0F00ED2B27 /* p06-runny.entitlements */,
				62A2879427D80E1A00674EEF /* p06_runnyApp.swift */,
				62A2879627D80E1A00674EEF /* ContentView.swift */,
				62A287A227D80E6700674EEF /* MilesRanStore.swift */,
				62A287A427D80E8800674EEF /* MilesRanViewModel.swift */,
				62A287A627D80E9D00674EEF /* MilesRanView.swift */,
				62A2879827D80E1B00674EEF /* Assets.xcassets */,
				62A2879A27D80E1B00674EEF /* Preview Content */,
			);
			path = "p06-runny";
			sourceTree = "<group>";
		};
		62A2879A27D80E1B00674EEF /* Preview Content */ = {
			isa = PBXGroup;
			children = (
				62A2879B27D80E1B00674EEF /* Preview Assets.xcassets */,
			);
			path = "Preview Content";
			sourceTree = "<group>";
		};
		62FA209327E424F200ED2B27 /* Frameworks */ = {
			isa = PBXGroup;
			children = (
				62FA209427E424F200ED2B27 /* WidgetKit.framework */,
				62FA209627E424F200ED2B27 /* SwiftUI.framework */,
			);
			name = Frameworks;
			sourceTree = "<group>";
		};
		62FA209827E424F200ED2B27 /* p06-runny-widget */ = {
			isa = PBXGroup;
			children = (
				62FA209927E424F200ED2B27 /* p06_runny_widget.swift */,
				62FA209B27E424F300ED2B27 /* Assets.xcassets */,
				62FA209D27E424F400ED2B27 /* Info.plist */,
			);
			path = "p06-runny-widget";
			sourceTree = "<group>";
		};
/* End PBXGroup section */

/* Begin PBXNativeTarget section */
		62A2879027D80E1A00674EEF /* p06-runny */ = {
			isa = PBXNativeTarget;
			buildConfigurationList = 62A2879F27D80E1B00674EEF /* Build configuration list for PBXNativeTarget "p06-runny" */;
			buildPhases = (
				62A2878D27D80E1A00674EEF /* Sources */,
				62A2878E27D80E1A00674EEF /* Frameworks */,
				62A2878F27D80E1A00674EEF /* Resources */,
				62FA20A127E424F400ED2B27 /* Embed App Extensions */,
			);
			buildRules = (
			);
			dependencies = (
				62FA209F27E424F400ED2B27 /* PBXTargetDependency */,
			);
			name = "p06-runny";
			productName = "p06-runny";
			productReference = 62A2879127D80E1A00674EEF /* p06-runny.app */;
			productType = "com.apple.product-type.application";
		};
		62FA209127E424F200ED2B27 /* p06-runny-widgetExtension */ = {
			isa = PBXNativeTarget;
			buildConfigurationList = 62FA20A427E424F400ED2B27 /* Build configuration list for PBXNativeTarget "p06-runny-widgetExtension" */;
			buildPhases = (
				62FA208E27E424F200ED2B27 /* Sources */,
				62FA208F27E424F200ED2B27 /* Frameworks */,
				62FA209027E424F200ED2B27 /* Resources */,
			);
			buildRules = (
			);
			dependencies = (
			);
			name = "p06-runny-widgetExtension";
			productName = "p06-runny-widgetExtension";
			productReference = 62FA209227E424F200ED2B27 /* p06-runny-widgetExtension.appex */;
			productType = "com.apple.product-type.app-extension";
		};
/* End PBXNativeTarget section */

/* Begin PBXProject section */
		62A2878927D80E1A00674EEF /* Project object */ = {
			isa = PBXProject;
			attributes = {
				BuildIndependentTargetsInParallel = 1;
				LastSwiftUpdateCheck = 1310;
				LastUpgradeCheck = 1310;
				TargetAttributes = {
					62A2879027D80E1A00674EEF = {
						CreatedOnToolsVersion = 13.1;
					};
					62FA209127E424F200ED2B27 = {
						CreatedOnToolsVersion = 13.1;
					};
				};
			};
			buildConfigurationList = 62A2878C27D80E1A00674EEF /* Build configuration list for PBXProject "p06-runny" */;
			compatibilityVersion = "Xcode 13.0";
			developmentRegion = en;
			hasScannedForEncodings = 0;
			knownRegions = (
				en,
				Base,
			);
			mainGroup = 62A2878827D80E1A00674EEF;
			productRefGroup = 62A2879227D80E1A00674EEF /* Products */;
			projectDirPath = "";
			projectRoot = "";
			targets = (
				62A2879027D80E1A00674EEF /* p06-runny */,
				62FA209127E424F200ED2B27 /* p06-runny-widgetExtension */,
			);
		};
/* End PBXProject section */

/* Begin PBXResourcesBuildPhase section */
		62A2878F27D80E1A00674EEF /* Resources */ = {
			isa = PBXResourcesBuildPhase;
			buildActionMask = 2147483647;
			files = (
				62A2879C27D80E1B00674EEF /* Preview Assets.xcassets in Resources */,
				62A2879927D80E1B00674EEF /* Assets.xcassets in Resources */,
			);
			runOnlyForDeploymentPostprocessing = 0;
		};
		62FA209027E424F200ED2B27 /* Resources */ = {
			isa = PBXResourcesBuildPhase;
			buildActionMask = 2147483647;
			files = (
				62FA209C27E424F300ED2B27 /* Assets.xcassets in Resources */,
			);
			runOnlyForDeploymentPostprocessing = 0;
		};
/* End PBXResourcesBuildPhase section */

/* Begin PBXSourcesBuildPhase section */
		62A2878D27D80E1A00674EEF /* Sources */ = {
			isa = PBXSourcesBuildPhase;
			buildActionMask = 2147483647;
			files = (
				62A287A327D80E6700674EEF /* MilesRanStore.swift in Sources */,
				62A287A527D80E8800674EEF /* MilesRanViewModel.swift in Sources */,
				62A2879727D80E1A00674EEF /* ContentView.swift in Sources */,
				62A2879527D80E1A00674EEF /* p06_runnyApp.swift in Sources */,
				62A287A727D80E9D00674EEF /* MilesRanView.swift in Sources */,
			);
			runOnlyForDeploymentPostprocessing = 0;
		};
		62FA208E27E424F200ED2B27 /* Sources */ = {
			isa = PBXSourcesBuildPhase;
			buildActionMask = 2147483647;
			files = (
				62FA20A527E42CFD00ED2B27 /* MilesRanStore.swift in Sources */,
				62FA209A27E424F200ED2B27 /* p06_runny_widget.swift in Sources */,
			);
			runOnlyForDeploymentPostprocessing = 0;
		};
/* End PBXSourcesBuildPhase section */

/* Begin PBXTargetDependency section */
		62FA209F27E424F400ED2B27 /* PBXTargetDependency */ = {
			isa = PBXTargetDependency;
			target = 62FA209127E424F200ED2B27 /* p06-runny-widgetExtension */;
			targetProxy = 62FA209E27E424F400ED2B27 /* PBXContainerItemProxy */;
		};
/* End PBXTargetDependency section */

/* Begin XCBuildConfiguration section */
		62A2879D27D80E1B00674EEF /* Debug */ = {
			isa = XCBuildConfiguration;
			buildSettings = {
				ALWAYS_SEARCH_USER_PATHS = NO;
				CLANG_ANALYZER_NONNULL = YES;
				CLANG_ANALYZER_NUMBER_OBJECT_CONVERSION = YES_AGGRESSIVE;
				CLANG_CXX_LANGUAGE_STANDARD = "gnu++17";
				CLANG_CXX_LIBRARY = "libc++";
				CLANG_ENABLE_MODULES = YES;
				CLANG_ENABLE_OBJC_ARC = YES;
				CLANG_ENABLE_OBJC_WEAK = YES;
				CLANG_WARN_BLOCK_CAPTURE_AUTORELEASING = YES;
				CLANG_WARN_BOOL_CONVERSION = YES;
				CLANG_WARN_COMMA = YES;
				CLANG_WARN_CONSTANT_CONVERSION = YES;
				CLANG_WARN_DEPRECATED_OBJC_IMPLEMENTATIONS = YES;
				CLANG_WARN_DIRECT_OBJC_ISA_USAGE = YES_ERROR;
				CLANG_WARN_DOCUMENTATION_COMMENTS = YES;
				CLANG_WARN_EMPTY_BODY = YES;
				CLANG_WARN_ENUM_CONVERSION = YES;
				CLANG_WARN_INFINITE_RECURSION = YES;
				CLANG_WARN_INT_CONVERSION = YES;
				CLANG_WARN_NON_LITERAL_NULL_CONVERSION = YES;
				CLANG_WARN_OBJC_IMPLICIT_RETAIN_SELF = YES;
				CLANG_WARN_OBJC_LITERAL_CONVERSION = YES;
				CLANG_WARN_OBJC_ROOT_CLASS = YES_ERROR;
				CLANG_WARN_QUOTED_INCLUDE_IN_FRAMEWORK_HEADER = YES;
				CLANG_WARN_RANGE_LOOP_ANALYSIS = YES;
				CLANG_WARN_STRICT_PROTOTYPES = YES;
				CLANG_WARN_SUSPICIOUS_MOVE = YES;
				CLANG_WARN_UNGUARDED_AVAILABILITY = YES_AGGRESSIVE;
				CLANG_WARN_UNREACHABLE_CODE = YES;
				CLANG_WARN__DUPLICATE_METHOD_MATCH = YES;
				COPY_PHASE_STRIP = NO;
				DEBUG_INFORMATION_FORMAT = dwarf;
				ENABLE_STRICT_OBJC_MSGSEND = YES;
				ENABLE_TESTABILITY = YES;
				GCC_C_LANGUAGE_STANDARD = gnu11;
				GCC_DYNAMIC_NO_PIC = NO;
				GCC_NO_COMMON_BLOCKS = YES;
				GCC_OPTIMIZATION_LEVEL = 0;
				GCC_PREPROCESSOR_DEFINITIONS = (
					"DEBUG=1",
					"$(inherited)",
				);
				GCC_WARN_64_TO_32_BIT_CONVERSION = YES;
				GCC_WARN_ABOUT_RETURN_TYPE = YES_ERROR;
				GCC_WARN_UNDECLARED_SELECTOR = YES;
				GCC_WARN_UNINITIALIZED_AUTOS = YES_AGGRESSIVE;
				GCC_WARN_UNUSED_FUNCTION = YES;
				GCC_WARN_UNUSED_VARIABLE = YES;
				IPHONEOS_DEPLOYMENT_TARGET = 15.0;
				MTL_ENABLE_DEBUG_INFO = INCLUDE_SOURCE;
				MTL_FAST_MATH = YES;
				ONLY_ACTIVE_ARCH = YES;
				SDKROOT = iphoneos;
				SWIFT_ACTIVE_COMPILATION_CONDITIONS = DEBUG;
				SWIFT_OPTIMIZATION_LEVEL = "-Onone";
			};
			name = Debug;
		};
		62A2879E27D80E1B00674EEF /* Release */ = {
			isa = XCBuildConfiguration;
			buildSettings = {
				ALWAYS_SEARCH_USER_PATHS = NO;
				CLANG_ANALYZER_NONNULL = YES;
				CLANG_ANALYZER_NUMBER_OBJECT_CONVERSION = YES_AGGRESSIVE;
				CLANG_CXX_LANGUAGE_STANDARD = "gnu++17";
				CLANG_CXX_LIBRARY = "libc++";
				CLANG_ENABLE_MODULES = YES;
				CLANG_ENABLE_OBJC_ARC = YES;
				CLANG_ENABLE_OBJC_WEAK = YES;
				CLANG_WARN_BLOCK_CAPTURE_AUTORELEASING = YES;
				CLANG_WARN_BOOL_CONVERSION = YES;
				CLANG_WARN_COMMA = YES;
				CLANG_WARN_CONSTANT_CONVERSION = YES;
				CLANG_WARN_DEPRECATED_OBJC_IMPLEMENTATIONS = YES;
				CLANG_WARN_DIRECT_OBJC_ISA_USAGE = YES_ERROR;
				CLANG_WARN_DOCUMENTATION_COMMENTS = YES;
				CLANG_WARN_EMPTY_BODY = YES;
				CLANG_WARN_ENUM_CONVERSION = YES;
				CLANG_WARN_INFINITE_RECURSION = YES;
				CLANG_WARN_INT_CONVERSION = YES;
				CLANG_WARN_NON_LITERAL_NULL_CONVERSION = YES;
				CLANG_WARN_OBJC_IMPLICIT_RETAIN_SELF = YES;
				CLANG_WARN_OBJC_LITERAL_CONVERSION = YES;
				CLANG_WARN_OBJC_ROOT_CLASS = YES_ERROR;
				CLANG_WARN_QUOTED_INCLUDE_IN_FRAMEWORK_HEADER = YES;
				CLANG_WARN_RANGE_LOOP_ANALYSIS = YES;
				CLANG_WARN_STRICT_PROTOTYPES = YES;
				CLANG_WARN_SUSPICIOUS_MOVE = YES;
				CLANG_WARN_UNGUARDED_AVAILABILITY = YES_AGGRESSIVE;
				CLANG_WARN_UNREACHABLE_CODE = YES;
				CLANG_WARN__DUPLICATE_METHOD_MATCH = YES;
				COPY_PHASE_STRIP = NO;
				DEBUG_INFORMATION_FORMAT = "dwarf-with-dsym";
				ENABLE_NS_ASSERTIONS = NO;
				ENABLE_STRICT_OBJC_MSGSEND = YES;
				GCC_C_LANGUAGE_STANDARD = gnu11;
				GCC_NO_COMMON_BLOCKS = YES;
				GCC_WARN_64_TO_32_BIT_CONVERSION = YES;
				GCC_WARN_ABOUT_RETURN_TYPE = YES_ERROR;
				GCC_WARN_UNDECLARED_SELECTOR = YES;
				GCC_WARN_UNINITIALIZED_AUTOS = YES_AGGRESSIVE;
				GCC_WARN_UNUSED_FUNCTION = YES;
				GCC_WARN_UNUSED_VARIABLE = YES;
				IPHONEOS_DEPLOYMENT_TARGET = 15.0;
				MTL_ENABLE_DEBUG_INFO = NO;
				MTL_FAST_MATH = YES;
				SDKROOT = iphoneos;
				SWIFT_COMPILATION_MODE = wholemodule;
				SWIFT_OPTIMIZATION_LEVEL = "-O";
				VALIDATE_PRODUCT = YES;
			};
			name = Release;
		};
		62A287A027D80E1B00674EEF /* Debug */ = {
			isa = XCBuildConfiguration;
			buildSettings = {
				ALWAYS_EMBED_SWIFT_STANDARD_LIBRARIES = YES;
				ASSETCATALOG_COMPILER_APPICON_NAME = AppIcon;
				ASSETCATALOG_COMPILER_GLOBAL_ACCENT_COLOR_NAME = AccentColor;
				CODE_SIGN_ENTITLEMENTS = "p06-runny/p06-runny.entitlements";
				CODE_SIGN_STYLE = Automatic;
				CURRENT_PROJECT_VERSION = 1;
				DEVELOPMENT_ASSET_PATHS = "\"p06-runny/Preview Content\"";
				DEVELOPMENT_TEAM = 96P36NZQGS;
				ENABLE_PREVIEWS = YES;
				GENERATE_INFOPLIST_FILE = YES;
				INFOPLIST_KEY_UIApplicationSceneManifest_Generation = YES;
				INFOPLIST_KEY_UIApplicationSupportsIndirectInputEvents = YES;
				INFOPLIST_KEY_UILaunchScreen_Generation = YES;
				INFOPLIST_KEY_UISupportedInterfaceOrientations_iPad = "UIInterfaceOrientationPortrait UIInterfaceOrientationPortraitUpsideDown UIInterfaceOrientationLandscapeLeft UIInterfaceOrientationLandscapeRight";
				INFOPLIST_KEY_UISupportedInterfaceOrientations_iPhone = "UIInterfaceOrientationPortrait UIInterfaceOrientationLandscapeLeft UIInterfaceOrientationLandscapeRight";
				LD_RUNPATH_SEARCH_PATHS = (
					"$(inherited)",
					"@executable_path/Frameworks",
				);
				MARKETING_VERSION = 1.0;
				PRODUCT_BUNDLE_IDENTIFIER = "Bailey-Van-Wormer.p06-runny";
				PRODUCT_NAME = "$(TARGET_NAME)";
				SWIFT_EMIT_LOC_STRINGS = YES;
				SWIFT_VERSION = 5.0;
				TARGETED_DEVICE_FAMILY = "1,2";
			};
			name = Debug;
		};
		62A287A127D80E1B00674EEF /* Release */ = {
			isa = XCBuildConfiguration;
			buildSettings = {
				ALWAYS_EMBED_SWIFT_STANDARD_LIBRARIES = YES;
				ASSETCATALOG_COMPILER_APPICON_NAME = AppIcon;
				ASSETCATALOG_COMPILER_GLOBAL_ACCENT_COLOR_NAME = AccentColor;
				CODE_SIGN_ENTITLEMENTS = "p06-runny/p06-runny.entitlements";
				CODE_SIGN_STYLE = Automatic;
				CURRENT_PROJECT_VERSION = 1;
				DEVELOPMENT_ASSET_PATHS = "\"p06-runny/Preview Content\"";
				DEVELOPMENT_TEAM = 96P36NZQGS;
				ENABLE_PREVIEWS = YES;
				GENERATE_INFOPLIST_FILE = YES;
				INFOPLIST_KEY_UIApplicationSceneManifest_Generation = YES;
				INFOPLIST_KEY_UIApplicationSupportsIndirectInputEvents = YES;
				INFOPLIST_KEY_UILaunchScreen_Generation = YES;
				INFOPLIST_KEY_UISupportedInterfaceOrientations_iPad = "UIInterfaceOrientationPortrait UIInterfaceOrientationPortraitUpsideDown UIInterfaceOrientationLandscapeLeft UIInterfaceOrientationLandscapeRight";
				INFOPLIST_KEY_UISupportedInterfaceOrientations_iPhone = "UIInterfaceOrientationPortrait UIInterfaceOrientationLandscapeLeft UIInterfaceOrientationLandscapeRight";
				LD_RUNPATH_SEARCH_PATHS = (
					"$(inherited)",
					"@executable_path/Frameworks",
				);
				MARKETING_VERSION = 1.0;
				PRODUCT_BUNDLE_IDENTIFIER = "Bailey-Van-Wormer.p06-runny";
				PRODUCT_NAME = "$(TARGET_NAME)";
				SWIFT_EMIT_LOC_STRINGS = YES;
				SWIFT_VERSION = 5.0;
				TARGETED_DEVICE_FAMILY = "1,2";
			};
			name = Release;
		};
		62FA20A227E424F400ED2B27 /* Debug */ = {
			isa = XCBuildConfiguration;
			buildSettings = {
				ASSETCATALOG_COMPILER_GLOBAL_ACCENT_COLOR_NAME = AccentColor;
				ASSETCATALOG_COMPILER_WIDGET_BACKGROUND_COLOR_NAME = WidgetBackground;
				CODE_SIGN_ENTITLEMENTS = "p06-runny-widgetExtension.entitlements";
				CODE_SIGN_STYLE = Automatic;
				CURRENT_PROJECT_VERSION = 1;
				DEVELOPMENT_TEAM = 96P36NZQGS;
				GENERATE_INFOPLIST_FILE = YES;
				INFOPLIST_FILE = "p06-runny-widget/Info.plist";
				INFOPLIST_KEY_CFBundleDisplayName = "p06-runny-widget";
				INFOPLIST_KEY_NSHumanReadableCopyright = "";
				LD_RUNPATH_SEARCH_PATHS = (
					"$(inherited)",
					"@executable_path/Frameworks",
					"@executable_path/../../Frameworks",
				);
				MARKETING_VERSION = 1.0;
				PRODUCT_BUNDLE_IDENTIFIER = "Bailey-Van-Wormer.p06-runny.p06-runny-widget";
				PRODUCT_NAME = "$(TARGET_NAME)";
				SKIP_INSTALL = YES;
				SWIFT_EMIT_LOC_STRINGS = YES;
				SWIFT_VERSION = 5.0;
				TARGETED_DEVICE_FAMILY = "1,2";
			};
			name = Debug;
		};
		62FA20A327E424F400ED2B27 /* Release */ = {
			isa = XCBuildConfiguration;
			buildSettings = {
				ASSETCATALOG_COMPILER_GLOBAL_ACCENT_COLOR_NAME = AccentColor;
				ASSETCATALOG_COMPILER_WIDGET_BACKGROUND_COLOR_NAME = WidgetBackground;
				CODE_SIGN_ENTITLEMENTS = "p06-runny-widgetExtension.entitlements";
				CODE_SIGN_STYLE = Automatic;
				CURRENT_PROJECT_VERSION = 1;
				DEVELOPMENT_TEAM = 96P36NZQGS;
				GENERATE_INFOPLIST_FILE = YES;
				INFOPLIST_FILE = "p06-runny-widget/Info.plist";
				INFOPLIST_KEY_CFBundleDisplayName = "p06-runny-widget";
				INFOPLIST_KEY_NSHumanReadableCopyright = "";
				LD_RUNPATH_SEARCH_PATHS = (
					"$(inherited)",
					"@executable_path/Frameworks",
					"@executable_path/../../Frameworks",
				);
				MARKETING_VERSION = 1.0;
				PRODUCT_BUNDLE_IDENTIFIER = "Bailey-Van-Wormer.p06-runny.p06-runny-widget";
				PRODUCT_NAME = "$(TARGET_NAME)";
				SKIP_INSTALL = YES;
				SWIFT_EMIT_LOC_STRINGS = YES;
				SWIFT_VERSION = 5.0;
				TARGETED_DEVICE_FAMILY = "1,2";
			};
			name = Release;
		};
/* End XCBuildConfiguration section */

/* Begin XCConfigurationList section */
		62A2878C27D80E1A00674EEF /* Build configuration list for PBXProject "p06-runny" */ = {
			isa = XCConfigurationList;
			buildConfigurations = (
				62A2879D27D80E1B00674EEF /* Debug */,
				62A2879E27D80E1B00674EEF /* Release */,
			);
			defaultConfigurationIsVisible = 0;
			defaultConfigurationName = Release;
		};
		62A2879F27D80E1B00674EEF /* Build configuration list for PBXNativeTarget "p06-runny" */ = {
			isa = XCConfigurationList;
			buildConfigurations = (
				62A287A027D80E1B00674EEF /* Debug */,
				62A287A127D80E1B00674EEF /* Release */,
			);
			defaultConfigurationIsVisible = 0;
			defaultConfigurationName = Release;
		};
		62FA20A427E424F400ED2B27 /* Build configuration list for PBXNativeTarget "p06-runny-widgetExtension" */ = {
			isa = XCConfigurationList;
			buildConfigurations = (
				62FA20A227E424F400ED2B27 /* Debug */,
				62FA20A327E424F400ED2B27 /* Release */,
			);
			defaultConfigurationIsVisible = 0;
			defaultConfigurationName = Release;
		};
/* End XCConfigurationList section */
	};
	rootObject = 62A2878927D80E1A00674EEF /* Project object */;
}
